// !$*UTF8*$!
{
	archiveVersion = 1;
	classes = {
	};
	objectVersion = 46;
	objects = {

/* Begin PBXBuildFile section */
		754D061D1A22BAAD00D454AB /* libbaidumapapi.a in Frameworks */ = {isa = PBXBuildFile; fileRef = 754D061C1A22BAAD00D454AB /* libbaidumapapi.a */; };
		75668CFD1A315E0B009F5A30 /* StadiumManager.m in Sources */ = {isa = PBXBuildFile; fileRef = 75668CFC1A315E0B009F5A30 /* StadiumManager.m */; };
		75668D001A32D17D009F5A30 /* DetailViewController.m in Sources */ = {isa = PBXBuildFile; fileRef = 75668CFF1A32D17D009F5A30 /* DetailViewController.m */; };
		75668D091A34004B009F5A30 /* IconDownloader.m in Sources */ = {isa = PBXBuildFile; fileRef = 75668D081A34004B009F5A30 /* IconDownloader.m */; };
		757630E51A392E54007E32E5 /* SportDayRule.m in Sources */ = {isa = PBXBuildFile; fileRef = 757630E41A392E53007E32E5 /* SportDayRule.m */; };
		757630E81A393349007E32E5 /* ParseSportDayRule.m in Sources */ = {isa = PBXBuildFile; fileRef = 757630E71A393349007E32E5 /* ParseSportDayRule.m */; };
		757630EB1A39E72E007E32E5 /* ChooseViewController.m in Sources */ = {isa = PBXBuildFile; fileRef = 757630EA1A39E72E007E32E5 /* ChooseViewController.m */; };
		757630F11A3ADBA5007E32E5 /* Cell.m in Sources */ = {isa = PBXBuildFile; fileRef = 757630EE1A3ADBA5007E32E5 /* Cell.m */; };
		757630F21A3ADBA5007E32E5 /* CustomCellBackground.m in Sources */ = {isa = PBXBuildFile; fileRef = 757630F01A3ADBA5007E32E5 /* CustomCellBackground.m */; };
		757630F51A3C0EC6007E32E5 /* CADFlowLayout.m in Sources */ = {isa = PBXBuildFile; fileRef = 757630F41A3C0EC6007E32E5 /* CADFlowLayout.m */; };
		759C8AE51A221C1C00EB82D8 /* mapapi.bundle in Resources */ = {isa = PBXBuildFile; fileRef = 759C8AE41A221C1C00EB82D8 /* mapapi.bundle */; };
		759C8AE81A221DEA00EB82D8 /* CoreLocation.framework in Frameworks */ = {isa = PBXBuildFile; fileRef = 759C8AE71A221DEA00EB82D8 /* CoreLocation.framework */; };
		759C8AEA1A221DFD00EB82D8 /* QuartzCore.framework in Frameworks */ = {isa = PBXBuildFile; fileRef = 759C8AE91A221DFD00EB82D8 /* QuartzCore.framework */; };
		759C8AEC1A221E0B00EB82D8 /* OpenGLES.framework in Frameworks */ = {isa = PBXBuildFile; fileRef = 759C8AEB1A221E0B00EB82D8 /* OpenGLES.framework */; };
		759C8AEE1A221E1700EB82D8 /* SystemConfiguration.framework in Frameworks */ = {isa = PBXBuildFile; fileRef = 759C8AED1A221E1700EB82D8 /* SystemConfiguration.framework */; };
		759C8AF01A221E2500EB82D8 /* CoreGraphics.framework in Frameworks */ = {isa = PBXBuildFile; fileRef = 759C8AEF1A221E2500EB82D8 /* CoreGraphics.framework */; };
		759C8AF21A221E3A00EB82D8 /* Security.framework in Frameworks */ = {isa = PBXBuildFile; fileRef = 759C8AF11A221E3A00EB82D8 /* Security.framework */; };
		75CCCB851A1E01CB0005CB6B /* main.m in Sources */ = {isa = PBXBuildFile; fileRef = 75CCCB841A1E01CB0005CB6B /* main.m */; };
		75CCCB881A1E01CB0005CB6B /* AppDelegate.mm in Sources */ = {isa = PBXBuildFile; fileRef = 75CCCB871A1E01CB0005CB6B /* AppDelegate.mm */; };
		75CCCB8B1A1E01CB0005CB6B /* ViewController.m in Sources */ = {isa = PBXBuildFile; fileRef = 75CCCB8A1A1E01CB0005CB6B /* ViewController.m */; };
		75CCCB8E1A1E01CB0005CB6B /* Main.storyboard in Resources */ = {isa = PBXBuildFile; fileRef = 75CCCB8C1A1E01CB0005CB6B /* Main.storyboard */; };
		75CCCB901A1E01CB0005CB6B /* Images.xcassets in Resources */ = {isa = PBXBuildFile; fileRef = 75CCCB8F1A1E01CB0005CB6B /* Images.xcassets */; };
		75CCCB931A1E01CB0005CB6B /* LaunchScreen.xib in Resources */ = {isa = PBXBuildFile; fileRef = 75CCCB911A1E01CB0005CB6B /* LaunchScreen.xib */; };
		75E09FD71A382EB8007787DE /* ListItem.m in Sources */ = {isa = PBXBuildFile; fileRef = 75E09FD31A382EB8007787DE /* ListItem.m */; };
		75E09FD81A382EB8007787DE /* POHorizontalList.m in Sources */ = {isa = PBXBuildFile; fileRef = 75E09FD51A382EB8007787DE /* POHorizontalList.m */; };
		75E09FDC1A384A5A007787DE /* Utils.m in Sources */ = {isa = PBXBuildFile; fileRef = 75E09FDB1A384A5A007787DE /* Utils.m */; };
		75FE304D1A29CC300079D4D4 /* StadiumRecord.m in Sources */ = {isa = PBXBuildFile; fileRef = 75FE304C1A29CC300079D4D4 /* StadiumRecord.m */; };
		75FE304F1A29F0660079D4D4 /* ParseOperation.m in Sources */ = {isa = PBXBuildFile; fileRef = 75FE304E1A29F0660079D4D4 /* ParseOperation.m */; };
/* End PBXBuildFile section */

/* Begin PBXFileReference section */
		754D061C1A22BAAD00D454AB /* libbaidumapapi.a */ = {isa = PBXFileReference; lastKnownFileType = archive.ar; name = libbaidumapapi.a; path = libs/libbaidumapapi.a; sourceTree = "<group>"; };
		75668CFB1A315DE1009F5A30 /* StadiumManager.h */ = {isa = PBXFileReference; fileEncoding = 4; lastKnownFileType = sourcecode.c.h; path = StadiumManager.h; sourceTree = "<group>"; };
		75668CFC1A315E0B009F5A30 /* StadiumManager.m */ = {isa = PBXFileReference; fileEncoding = 4; lastKnownFileType = sourcecode.c.objc; path = StadiumManager.m; sourceTree = "<group>"; };
		75668CFE1A32D17D009F5A30 /* DetailViewController.h */ = {isa = PBXFileReference; fileEncoding = 4; lastKnownFileType = sourcecode.c.h; path = DetailViewController.h; sourceTree = "<group>"; };
		75668CFF1A32D17D009F5A30 /* DetailViewController.m */ = {isa = PBXFileReference; fileEncoding = 4; lastKnownFileType = sourcecode.c.objc; path = DetailViewController.m; sourceTree = "<group>"; usesTabs = 0; };
		75668D071A34004B009F5A30 /* IconDownloader.h */ = {isa = PBXFileReference; fileEncoding = 4; lastKnownFileType = sourcecode.c.h; path = IconDownloader.h; sourceTree = "<group>"; };
		75668D081A34004B009F5A30 /* IconDownloader.m */ = {isa = PBXFileReference; fileEncoding = 4; lastKnownFileType = sourcecode.c.objc; path = IconDownloader.m; sourceTree = "<group>"; };
		757630E31A392D68007E32E5 /* SportDayRule.h */ = {isa = PBXFileReference; fileEncoding = 4; lastKnownFileType = sourcecode.c.h; path = SportDayRule.h; sourceTree = "<group>"; };
		757630E41A392E53007E32E5 /* SportDayRule.m */ = {isa = PBXFileReference; fileEncoding = 4; lastKnownFileType = sourcecode.c.objc; path = SportDayRule.m; sourceTree = "<group>"; };
		757630E61A393327007E32E5 /* ParseSportDayRule.h */ = {isa = PBXFileReference; fileEncoding = 4; lastKnownFileType = sourcecode.c.h; path = ParseSportDayRule.h; sourceTree = "<group>"; };
		757630E71A393349007E32E5 /* ParseSportDayRule.m */ = {isa = PBXFileReference; fileEncoding = 4; lastKnownFileType = sourcecode.c.objc; path = ParseSportDayRule.m; sourceTree = "<group>"; };
		757630E91A39E72E007E32E5 /* ChooseViewController.h */ = {isa = PBXFileReference; fileEncoding = 4; lastKnownFileType = sourcecode.c.h; path = ChooseViewController.h; sourceTree = "<group>"; };
		757630EA1A39E72E007E32E5 /* ChooseViewController.m */ = {isa = PBXFileReference; fileEncoding = 4; lastKnownFileType = sourcecode.c.objc; path = ChooseViewController.m; sourceTree = "<group>"; };
		757630ED1A3ADBA5007E32E5 /* Cell.h */ = {isa = PBXFileReference; fileEncoding = 4; lastKnownFileType = sourcecode.c.h; name = Cell.h; path = CollectionView/Cell.h; sourceTree = "<group>"; };
		757630EE1A3ADBA5007E32E5 /* Cell.m */ = {isa = PBXFileReference; fileEncoding = 4; lastKnownFileType = sourcecode.c.objc; name = Cell.m; path = CollectionView/Cell.m; sourceTree = "<group>"; };
		757630EF1A3ADBA5007E32E5 /* CustomCellBackground.h */ = {isa = PBXFileReference; fileEncoding = 4; lastKnownFileType = sourcecode.c.h; name = CustomCellBackground.h; path = CollectionView/CustomCellBackground.h; sourceTree = "<group>"; };
		757630F01A3ADBA5007E32E5 /* CustomCellBackground.m */ = {isa = PBXFileReference; fileEncoding = 4; lastKnownFileType = sourcecode.c.objc; name = CustomCellBackground.m; path = CollectionView/CustomCellBackground.m; sourceTree = "<group>"; };
		757630F31A3C0EC6007E32E5 /* CADFlowLayout.h */ = {isa = PBXFileReference; fileEncoding = 4; lastKnownFileType = sourcecode.c.h; path = CADFlowLayout.h; sourceTree = "<group>"; };
		757630F41A3C0EC6007E32E5 /* CADFlowLayout.m */ = {isa = PBXFileReference; fileEncoding = 4; lastKnownFileType = sourcecode.c.objc; path = CADFlowLayout.m; sourceTree = "<group>"; };
		759C8AE41A221C1C00EB82D8 /* mapapi.bundle */ = {isa = PBXFileReference; lastKnownFileType = "wrapper.plug-in"; path = mapapi.bundle; sourceTree = SOURCE_ROOT; };
		759C8AE71A221DEA00EB82D8 /* CoreLocation.framework */ = {isa = PBXFileReference; lastKnownFileType = wrapper.framework; name = CoreLocation.framework; path = System/Library/Frameworks/CoreLocation.framework; sourceTree = SDKROOT; };
		759C8AE91A221DFD00EB82D8 /* QuartzCore.framework */ = {isa = PBXFileReference; lastKnownFileType = wrapper.framework; name = QuartzCore.framework; path = System/Library/Frameworks/QuartzCore.framework; sourceTree = SDKROOT; };
		759C8AEB1A221E0B00EB82D8 /* OpenGLES.framework */ = {isa = PBXFileReference; lastKnownFileType = wrapper.framework; name = OpenGLES.framework; path = System/Library/Frameworks/OpenGLES.framework; sourceTree = SDKROOT; };
		759C8AED1A221E1700EB82D8 /* SystemConfiguration.framework */ = {isa = PBXFileReference; lastKnownFileType = wrapper.framework; name = SystemConfiguration.framework; path = System/Library/Frameworks/SystemConfiguration.framework; sourceTree = SDKROOT; };
		759C8AEF1A221E2500EB82D8 /* CoreGraphics.framework */ = {isa = PBXFileReference; lastKnownFileType = wrapper.framework; name = CoreGraphics.framework; path = System/Library/Frameworks/CoreGraphics.framework; sourceTree = SDKROOT; };
		759C8AF11A221E3A00EB82D8 /* Security.framework */ = {isa = PBXFileReference; lastKnownFileType = wrapper.framework; name = Security.framework; path = System/Library/Frameworks/Security.framework; sourceTree = SDKROOT; };
		75CCCB7F1A1E01CB0005CB6B /* IndoorIOS.app */ = {isa = PBXFileReference; explicitFileType = wrapper.application; includeInIndex = 0; path = IndoorIOS.app; sourceTree = BUILT_PRODUCTS_DIR; };
		75CCCB831A1E01CB0005CB6B /* Info.plist */ = {isa = PBXFileReference; lastKnownFileType = text.plist.xml; path = Info.plist; sourceTree = "<group>"; };
		75CCCB841A1E01CB0005CB6B /* main.m */ = {isa = PBXFileReference; lastKnownFileType = sourcecode.c.objc; path = main.m; sourceTree = "<group>"; };
		75CCCB861A1E01CB0005CB6B /* AppDelegate.h */ = {isa = PBXFileReference; lastKnownFileType = sourcecode.c.h; path = AppDelegate.h; sourceTree = "<group>"; };
		75CCCB871A1E01CB0005CB6B /* AppDelegate.mm */ = {isa = PBXFileReference; lastKnownFileType = sourcecode.cpp.objcpp; path = AppDelegate.mm; sourceTree = "<group>"; };
		75CCCB891A1E01CB0005CB6B /* ViewController.h */ = {isa = PBXFileReference; lastKnownFileType = sourcecode.c.h; path = ViewController.h; sourceTree = "<group>"; };
		75CCCB8A1A1E01CB0005CB6B /* ViewController.m */ = {isa = PBXFileReference; lastKnownFileType = sourcecode.c.objc; path = ViewController.m; sourceTree = "<group>"; };
		75CCCB8D1A1E01CB0005CB6B /* Base */ = {isa = PBXFileReference; lastKnownFileType = file.storyboard; name = Base; path = Base.lproj/Main.storyboard; sourceTree = "<group>"; };
		75CCCB8F1A1E01CB0005CB6B /* Images.xcassets */ = {isa = PBXFileReference; lastKnownFileType = folder.assetcatalog; path = Images.xcassets; sourceTree = "<group>"; };
		75CCCB921A1E01CB0005CB6B /* Base */ = {isa = PBXFileReference; lastKnownFileType = file.xib; name = Base; path = Base.lproj/LaunchScreen.xib; sourceTree = "<group>"; };
		75CCCBB11A1E02A70005CB6B /* BMapKit.h */ = {isa = PBXFileReference; fileEncoding = 4; lastKnownFileType = sourcecode.c.h; path = BMapKit.h; sourceTree = "<group>"; };
		75CCCBB21A1E02A70005CB6B /* BMKActionPaopaoView.h */ = {isa = PBXFileReference; fileEncoding = 4; lastKnownFileType = sourcecode.c.h; path = BMKActionPaopaoView.h; sourceTree = "<group>"; };
		75CCCBB31A1E02A70005CB6B /* BMKAnnotation.h */ = {isa = PBXFileReference; fileEncoding = 4; lastKnownFileType = sourcecode.c.h; path = BMKAnnotation.h; sourceTree = "<group>"; };
		75CCCBB41A1E02A70005CB6B /* BMKAnnotationView.h */ = {isa = PBXFileReference; fileEncoding = 4; lastKnownFileType = sourcecode.c.h; path = BMKAnnotationView.h; sourceTree = "<group>"; };
		75CCCBB51A1E02A70005CB6B /* BMKArcline.h */ = {isa = PBXFileReference; fileEncoding = 4; lastKnownFileType = sourcecode.c.h; path = BMKArcline.h; sourceTree = "<group>"; };
		75CCCBB61A1E02A70005CB6B /* BMKArclineView.h */ = {isa = PBXFileReference; fileEncoding = 4; lastKnownFileType = sourcecode.c.h; path = BMKArclineView.h; sourceTree = "<group>"; };
		75CCCBB71A1E02A70005CB6B /* BMKBaseComponent.h */ = {isa = PBXFileReference; fileEncoding = 4; lastKnownFileType = sourcecode.c.h; path = BMKBaseComponent.h; sourceTree = "<group>"; };
		75CCCBB81A1E02A70005CB6B /* BMKBusLineSearch.h */ = {isa = PBXFileReference; fileEncoding = 4; lastKnownFileType = sourcecode.c.h; path = BMKBusLineSearch.h; sourceTree = "<group>"; };
		75CCCBB91A1E02A70005CB6B /* BMKBusLineSearchOption.h */ = {isa = PBXFileReference; fileEncoding = 4; lastKnownFileType = sourcecode.c.h; path = BMKBusLineSearchOption.h; sourceTree = "<group>"; };
		75CCCBBA1A1E02A70005CB6B /* BMKCircle.h */ = {isa = PBXFileReference; fileEncoding = 4; lastKnownFileType = sourcecode.c.h; path = BMKCircle.h; sourceTree = "<group>"; };
		75CCCBBB1A1E02A70005CB6B /* BMKCircleView.h */ = {isa = PBXFileReference; fileEncoding = 4; lastKnownFileType = sourcecode.c.h; path = BMKCircleView.h; sourceTree = "<group>"; };
		75CCCBBC1A1E02A70005CB6B /* BMKCloudPOIList.h */ = {isa = PBXFileReference; fileEncoding = 4; lastKnownFileType = sourcecode.c.h; path = BMKCloudPOIList.h; sourceTree = "<group>"; };
		75CCCBBD1A1E02A70005CB6B /* BMKCloudSearch.h */ = {isa = PBXFileReference; fileEncoding = 4; lastKnownFileType = sourcecode.c.h; path = BMKCloudSearch.h; sourceTree = "<group>"; };
		75CCCBBE1A1E02A70005CB6B /* BMKCloudSearchComponent.h */ = {isa = PBXFileReference; fileEncoding = 4; lastKnownFileType = sourcecode.c.h; path = BMKCloudSearchComponent.h; sourceTree = "<group>"; };
		75CCCBBF1A1E02A70005CB6B /* BMKCloudSearchInfo.h */ = {isa = PBXFileReference; fileEncoding = 4; lastKnownFileType = sourcecode.c.h; path = BMKCloudSearchInfo.h; sourceTree = "<group>"; };
		75CCCBC01A1E02A70005CB6B /* BMKGeneralDelegate.h */ = {isa = PBXFileReference; fileEncoding = 4; lastKnownFileType = sourcecode.c.h; path = BMKGeneralDelegate.h; sourceTree = "<group>"; };
		75CCCBC11A1E02A70005CB6B /* BMKGeocodeSearch.h */ = {isa = PBXFileReference; fileEncoding = 4; lastKnownFileType = sourcecode.c.h; path = BMKGeocodeSearch.h; sourceTree = "<group>"; };
		75CCCBC21A1E02A70005CB6B /* BMKGeocodeSearchOption.h */ = {isa = PBXFileReference; fileEncoding = 4; lastKnownFileType = sourcecode.c.h; path = BMKGeocodeSearchOption.h; sourceTree = "<group>"; };
		75CCCBC31A1E02A70005CB6B /* BMKGeocodeType.h */ = {isa = PBXFileReference; fileEncoding = 4; lastKnownFileType = sourcecode.c.h; path = BMKGeocodeType.h; sourceTree = "<group>"; };
		75CCCBC41A1E02A70005CB6B /* BMKGeometry.h */ = {isa = PBXFileReference; fileEncoding = 4; lastKnownFileType = sourcecode.c.h; path = BMKGeometry.h; sourceTree = "<group>"; };
		75CCCBC51A1E02A70005CB6B /* BMKGroundOverlay.h */ = {isa = PBXFileReference; fileEncoding = 4; lastKnownFileType = sourcecode.c.h; path = BMKGroundOverlay.h; sourceTree = "<group>"; };
		75CCCBC61A1E02A70005CB6B /* BMKGroundOverlayView.h */ = {isa = PBXFileReference; fileEncoding = 4; lastKnownFileType = sourcecode.c.h; path = BMKGroundOverlayView.h; sourceTree = "<group>"; };
		75CCCBC71A1E02A70005CB6B /* BMKLocationComponent.h */ = {isa = PBXFileReference; fileEncoding = 4; lastKnownFileType = sourcecode.c.h; path = BMKLocationComponent.h; sourceTree = "<group>"; };
		75CCCBC81A1E02A70005CB6B /* BMKLocationService.h */ = {isa = PBXFileReference; fileEncoding = 4; lastKnownFileType = sourcecode.c.h; path = BMKLocationService.h; sourceTree = "<group>"; };
		75CCCBC91A1E02A70005CB6B /* BMKLocationViewDisplayParam.h */ = {isa = PBXFileReference; fileEncoding = 4; lastKnownFileType = sourcecode.c.h; path = BMKLocationViewDisplayParam.h; sourceTree = "<group>"; };
		75CCCBCA1A1E02A70005CB6B /* BMKMapComponent.h */ = {isa = PBXFileReference; fileEncoding = 4; lastKnownFileType = sourcecode.c.h; path = BMKMapComponent.h; sourceTree = "<group>"; };
		75CCCBCB1A1E02A70005CB6B /* BMKMapManager.h */ = {isa = PBXFileReference; fileEncoding = 4; lastKnownFileType = sourcecode.c.h; path = BMKMapManager.h; sourceTree = "<group>"; };
		75CCCBCC1A1E02A70005CB6B /* BMKMapStatus.h */ = {isa = PBXFileReference; fileEncoding = 4; lastKnownFileType = sourcecode.c.h; path = BMKMapStatus.h; sourceTree = "<group>"; };
		75CCCBCD1A1E02A70005CB6B /* BMKMapView.h */ = {isa = PBXFileReference; fileEncoding = 4; lastKnownFileType = sourcecode.c.h; path = BMKMapView.h; sourceTree = "<group>"; };
		75CCCBCE1A1E02A70005CB6B /* BMKMultiPoint.h */ = {isa = PBXFileReference; fileEncoding = 4; lastKnownFileType = sourcecode.c.h; path = BMKMultiPoint.h; sourceTree = "<group>"; };
		75CCCBCF1A1E02A70005CB6B /* BMKNavigation.h */ = {isa = PBXFileReference; fileEncoding = 4; lastKnownFileType = sourcecode.c.h; path = BMKNavigation.h; sourceTree = "<group>"; };
		75CCCBD01A1E02A70005CB6B /* BMKOfflineMap.h */ = {isa = PBXFileReference; fileEncoding = 4; lastKnownFileType = sourcecode.c.h; path = BMKOfflineMap.h; sourceTree = "<group>"; };
		75CCCBD11A1E02A70005CB6B /* BMKOfflineMapType.h */ = {isa = PBXFileReference; fileEncoding = 4; lastKnownFileType = sourcecode.c.h; path = BMKOfflineMapType.h; sourceTree = "<group>"; };
		75CCCBD21A1E02A70005CB6B /* BMKOverlay.h */ = {isa = PBXFileReference; fileEncoding = 4; lastKnownFileType = sourcecode.c.h; path = BMKOverlay.h; sourceTree = "<group>"; };
		75CCCBD31A1E02A70005CB6B /* BMKOverlayGLBasicView.h */ = {isa = PBXFileReference; fileEncoding = 4; lastKnownFileType = sourcecode.c.h; path = BMKOverlayGLBasicView.h; sourceTree = "<group>"; };
		75CCCBD41A1E02A70005CB6B /* BMKOverlayPathView.h */ = {isa = PBXFileReference; fileEncoding = 4; lastKnownFileType = sourcecode.c.h; path = BMKOverlayPathView.h; sourceTree = "<group>"; };
		75CCCBD51A1E02A70005CB6B /* BMKOverlayView.h */ = {isa = PBXFileReference; fileEncoding = 4; lastKnownFileType = sourcecode.c.h; path = BMKOverlayView.h; sourceTree = "<group>"; };
		75CCCBD61A1E02A70005CB6B /* BMKPinAnnotationView.h */ = {isa = PBXFileReference; fileEncoding = 4; lastKnownFileType = sourcecode.c.h; path = BMKPinAnnotationView.h; sourceTree = "<group>"; };
		75CCCBD71A1E02A70005CB6B /* BMKPointAnnotation.h */ = {isa = PBXFileReference; fileEncoding = 4; lastKnownFileType = sourcecode.c.h; path = BMKPointAnnotation.h; sourceTree = "<group>"; };
		75CCCBD81A1E02A70005CB6B /* BMKPoiSearch.h */ = {isa = PBXFileReference; fileEncoding = 4; lastKnownFileType = sourcecode.c.h; path = BMKPoiSearch.h; sourceTree = "<group>"; };
		75CCCBD91A1E02A70005CB6B /* BMKPoiSearchOption.h */ = {isa = PBXFileReference; fileEncoding = 4; lastKnownFileType = sourcecode.c.h; path = BMKPoiSearchOption.h; sourceTree = "<group>"; };
		75CCCBDA1A1E02A70005CB6B /* BMKPoiSearchType.h */ = {isa = PBXFileReference; fileEncoding = 4; lastKnownFileType = sourcecode.c.h; path = BMKPoiSearchType.h; sourceTree = "<group>"; };
		75CCCBDB1A1E02A70005CB6B /* BMKPolygon.h */ = {isa = PBXFileReference; fileEncoding = 4; lastKnownFileType = sourcecode.c.h; path = BMKPolygon.h; sourceTree = "<group>"; };
		75CCCBDC1A1E02A70005CB6B /* BMKPolygonView.h */ = {isa = PBXFileReference; fileEncoding = 4; lastKnownFileType = sourcecode.c.h; path = BMKPolygonView.h; sourceTree = "<group>"; };
		75CCCBDD1A1E02A70005CB6B /* BMKPolyline.h */ = {isa = PBXFileReference; fileEncoding = 4; lastKnownFileType = sourcecode.c.h; path = BMKPolyline.h; sourceTree = "<group>"; };
		75CCCBDE1A1E02A70005CB6B /* BMKPolylineView.h */ = {isa = PBXFileReference; fileEncoding = 4; lastKnownFileType = sourcecode.c.h; path = BMKPolylineView.h; sourceTree = "<group>"; };
		75CCCBDF1A1E02A70005CB6B /* BMKRouteSearch.h */ = {isa = PBXFileReference; fileEncoding = 4; lastKnownFileType = sourcecode.c.h; path = BMKRouteSearch.h; sourceTree = "<group>"; };
		75CCCBE01A1E02A70005CB6B /* BMKRouteSearchOption.h */ = {isa = PBXFileReference; fileEncoding = 4; lastKnownFileType = sourcecode.c.h; path = BMKRouteSearchOption.h; sourceTree = "<group>"; };
		75CCCBE11A1E02A70005CB6B /* BMKRouteSearchType.h */ = {isa = PBXFileReference; fileEncoding = 4; lastKnownFileType = sourcecode.c.h; path = BMKRouteSearchType.h; sourceTree = "<group>"; };
		75CCCBE21A1E02A70005CB6B /* BMKSearchComponent.h */ = {isa = PBXFileReference; fileEncoding = 4; lastKnownFileType = sourcecode.c.h; path = BMKSearchComponent.h; sourceTree = "<group>"; };
		75CCCBE31A1E02A70005CB6B /* BMKShape.h */ = {isa = PBXFileReference; fileEncoding = 4; lastKnownFileType = sourcecode.c.h; path = BMKShape.h; sourceTree = "<group>"; };
		75CCCBE41A1E02A70005CB6B /* BMKShareURLSearch.h */ = {isa = PBXFileReference; fileEncoding = 4; lastKnownFileType = sourcecode.c.h; path = BMKShareURLSearch.h; sourceTree = "<group>"; };
		75CCCBE51A1E02A70005CB6B /* BMKShareUrlSearchOption.h */ = {isa = PBXFileReference; fileEncoding = 4; lastKnownFileType = sourcecode.c.h; path = BMKShareUrlSearchOption.h; sourceTree = "<group>"; };
		75CCCBE61A1E02A70005CB6B /* BMKSuggestionSearch.h */ = {isa = PBXFileReference; fileEncoding = 4; lastKnownFileType = sourcecode.c.h; path = BMKSuggestionSearch.h; sourceTree = "<group>"; };
		75CCCBE71A1E02A70005CB6B /* BMKSuggestionSearchOption.h */ = {isa = PBXFileReference; fileEncoding = 4; lastKnownFileType = sourcecode.c.h; path = BMKSuggestionSearchOption.h; sourceTree = "<group>"; };
		75CCCBE81A1E02A70005CB6B /* BMKTypes.h */ = {isa = PBXFileReference; fileEncoding = 4; lastKnownFileType = sourcecode.c.h; path = BMKTypes.h; sourceTree = "<group>"; };
		75CCCBE91A1E02A70005CB6B /* BMKUserLocation.h */ = {isa = PBXFileReference; fileEncoding = 4; lastKnownFileType = sourcecode.c.h; path = BMKUserLocation.h; sourceTree = "<group>"; };
		75CCCBEA1A1E02A70005CB6B /* BMKUtilsComponent.h */ = {isa = PBXFileReference; fileEncoding = 4; lastKnownFileType = sourcecode.c.h; path = BMKUtilsComponent.h; sourceTree = "<group>"; };
		75CCCBEB1A1E02A70005CB6B /* BMKVersion.h */ = {isa = PBXFileReference; fileEncoding = 4; lastKnownFileType = sourcecode.c.h; path = BMKVersion.h; sourceTree = "<group>"; };
		75E09FD21A382EB8007787DE /* ListItem.h */ = {isa = PBXFileReference; fileEncoding = 4; lastKnownFileType = sourcecode.c.h; name = ListItem.h; path = HorizontalList/ListItem.h; sourceTree = "<group>"; };
		75E09FD31A382EB8007787DE /* ListItem.m */ = {isa = PBXFileReference; fileEncoding = 4; lastKnownFileType = sourcecode.c.objc; name = ListItem.m; path = HorizontalList/ListItem.m; sourceTree = "<group>"; };
		75E09FD41A382EB8007787DE /* POHorizontalList.h */ = {isa = PBXFileReference; fileEncoding = 4; lastKnownFileType = sourcecode.c.h; name = POHorizontalList.h; path = HorizontalList/POHorizontalList.h; sourceTree = "<group>"; };
		75E09FD51A382EB8007787DE /* POHorizontalList.m */ = {isa = PBXFileReference; fileEncoding = 4; lastKnownFileType = sourcecode.c.objc; name = POHorizontalList.m; path = HorizontalList/POHorizontalList.m; sourceTree = "<group>"; };
		75E09FD61A382EB8007787DE /* POHorizontalListDelegate.h */ = {isa = PBXFileReference; fileEncoding = 4; lastKnownFileType = sourcecode.c.h; name = POHorizontalListDelegate.h; path = HorizontalList/POHorizontalListDelegate.h; sourceTree = "<group>"; };
		75E09FDA1A384A34007787DE /* Utils.h */ = {isa = PBXFileReference; fileEncoding = 4; lastKnownFileType = sourcecode.c.h; path = Utils.h; sourceTree = "<group>"; };
		75E09FDB1A384A5A007787DE /* Utils.m */ = {isa = PBXFileReference; fileEncoding = 4; lastKnownFileType = sourcecode.c.objc; path = Utils.m; sourceTree = "<group>"; };
		75FE304B1A29CBE80079D4D4 /* StadiumRecord.h */ = {isa = PBXFileReference; lastKnownFileType = sourcecode.c.h; path = StadiumRecord.h; sourceTree = "<group>"; };
		75FE304C1A29CC300079D4D4 /* StadiumRecord.m */ = {isa = PBXFileReference; fileEncoding = 4; lastKnownFileType = sourcecode.c.objc; path = StadiumRecord.m; sourceTree = "<group>"; };
		75FE304E1A29F0660079D4D4 /* ParseOperation.m */ = {isa = PBXFileReference; fileEncoding = 4; lastKnownFileType = sourcecode.c.objc; path = ParseOperation.m; sourceTree = "<group>"; };
		75FE30501A29F08C0079D4D4 /* ParseOperation.h */ = {isa = PBXFileReference; fileEncoding = 4; lastKnownFileType = sourcecode.c.h; path = ParseOperation.h; sourceTree = "<group>"; };
/* End PBXFileReference section */

/* Begin PBXFrameworksBuildPhase section */
		75CCCB7C1A1E01CB0005CB6B /* Frameworks */ = {
			isa = PBXFrameworksBuildPhase;
			buildActionMask = 2147483647;
			files = (
				754D061D1A22BAAD00D454AB /* libbaidumapapi.a in Frameworks */,
				759C8AF21A221E3A00EB82D8 /* Security.framework in Frameworks */,
				759C8AF01A221E2500EB82D8 /* CoreGraphics.framework in Frameworks */,
				759C8AEE1A221E1700EB82D8 /* SystemConfiguration.framework in Frameworks */,
				759C8AEC1A221E0B00EB82D8 /* OpenGLES.framework in Frameworks */,
				759C8AEA1A221DFD00EB82D8 /* QuartzCore.framework in Frameworks */,
				759C8AE81A221DEA00EB82D8 /* CoreLocation.framework in Frameworks */,
			);
			runOnlyForDeploymentPostprocessing = 0;
		};
/* End PBXFrameworksBuildPhase section */

/* Begin PBXGroup section */
		754D06141A22B41200D454AB /* Frameworks */ = {
			isa = PBXGroup;
			children = (
				754D061C1A22BAAD00D454AB /* libbaidumapapi.a */,
				759C8AF11A221E3A00EB82D8 /* Security.framework */,
				759C8AEF1A221E2500EB82D8 /* CoreGraphics.framework */,
				759C8AED1A221E1700EB82D8 /* SystemConfiguration.framework */,
				759C8AEB1A221E0B00EB82D8 /* OpenGLES.framework */,
				759C8AE91A221DFD00EB82D8 /* QuartzCore.framework */,
				759C8AE71A221DEA00EB82D8 /* CoreLocation.framework */,
			);
			name = Frameworks;
			sourceTree = "<group>";
		};
		757630E11A392C15007E32E5 /* ParseJson */ = {
			isa = PBXGroup;
			children = (
				75FE304E1A29F0660079D4D4 /* ParseOperation.m */,
				75FE30501A29F08C0079D4D4 /* ParseOperation.h */,
				757630E61A393327007E32E5 /* ParseSportDayRule.h */,
				757630E71A393349007E32E5 /* ParseSportDayRule.m */,
			);
			name = ParseJson;
			sourceTree = "<group>";
		};
		757630E21A392C6A007E32E5 /* model */ = {
			isa = PBXGroup;
			children = (
				75FE304C1A29CC300079D4D4 /* StadiumRecord.m */,
				75FE304B1A29CBE80079D4D4 /* StadiumRecord.h */,
				757630E31A392D68007E32E5 /* SportDayRule.h */,
				757630E41A392E53007E32E5 /* SportDayRule.m */,
			);
			name = model;
			sourceTree = "<group>";
		};
		757630EC1A3AD167007E32E5 /* CollectionView */ = {
			isa = PBXGroup;
			children = (
				757630ED1A3ADBA5007E32E5 /* Cell.h */,
				757630EE1A3ADBA5007E32E5 /* Cell.m */,
				757630EF1A3ADBA5007E32E5 /* CustomCellBackground.h */,
				757630F01A3ADBA5007E32E5 /* CustomCellBackground.m */,
				757630F31A3C0EC6007E32E5 /* CADFlowLayout.h */,
				757630F41A3C0EC6007E32E5 /* CADFlowLayout.m */,
			);
			name = CollectionView;
			sourceTree = "<group>";
		};
		759C8AE31A221C0900EB82D8 /* Resources */ = {
			isa = PBXGroup;
			children = (
				759C8AE41A221C1C00EB82D8 /* mapapi.bundle */,
			);
			path = Resources;
			sourceTree = "<group>";
		};
		75CCCB761A1E01CB0005CB6B = {
			isa = PBXGroup;
			children = (
				754D06141A22B41200D454AB /* Frameworks */,
				759C8AE31A221C0900EB82D8 /* Resources */,
				75CCCBB01A1E02A70005CB6B /* inc */,
				75CCCB811A1E01CB0005CB6B /* IndoorIOS */,
				75CCCB801A1E01CB0005CB6B /* Products */,
			);
			sourceTree = "<group>";
		};
		75CCCB801A1E01CB0005CB6B /* Products */ = {
			isa = PBXGroup;
			children = (
				75CCCB7F1A1E01CB0005CB6B /* IndoorIOS.app */,
			);
			name = Products;
			sourceTree = "<group>";
		};
		75CCCB811A1E01CB0005CB6B /* IndoorIOS */ = {
			isa = PBXGroup;
			children = (
				757630EC1A3AD167007E32E5 /* CollectionView */,
				757630E21A392C6A007E32E5 /* model */,
				757630E11A392C15007E32E5 /* ParseJson */,
				75E09FD91A382EC4007787DE /* HorizontalList */,
				75668D071A34004B009F5A30 /* IconDownloader.h */,
				75668D081A34004B009F5A30 /* IconDownloader.m */,
				75CCCB861A1E01CB0005CB6B /* AppDelegate.h */,
				75CCCB871A1E01CB0005CB6B /* AppDelegate.mm */,
				75CCCB891A1E01CB0005CB6B /* ViewController.h */,
				75CCCB8A1A1E01CB0005CB6B /* ViewController.m */,
				75CCCB8C1A1E01CB0005CB6B /* Main.storyboard */,
				75668CFE1A32D17D009F5A30 /* DetailViewController.h */,
				75668CFF1A32D17D009F5A30 /* DetailViewController.m */,
				75CCCB8F1A1E01CB0005CB6B /* Images.xcassets */,
				75CCCB911A1E01CB0005CB6B /* LaunchScreen.xib */,
				75CCCB821A1E01CB0005CB6B /* Supporting Files */,
				75668CFB1A315DE1009F5A30 /* StadiumManager.h */,
				75668CFC1A315E0B009F5A30 /* StadiumManager.m */,
				75E09FDA1A384A34007787DE /* Utils.h */,
				75E09FDB1A384A5A007787DE /* Utils.m */,
				757630E91A39E72E007E32E5 /* ChooseViewController.h */,
				757630EA1A39E72E007E32E5 /* ChooseViewController.m */,
			);
			path = IndoorIOS;
			sourceTree = "<group>";
		};
		75CCCB821A1E01CB0005CB6B /* Supporting Files */ = {
			isa = PBXGroup;
			children = (
				75CCCB831A1E01CB0005CB6B /* Info.plist */,
				75CCCB841A1E01CB0005CB6B /* main.m */,
			);
			name = "Supporting Files";
			sourceTree = "<group>";
		};
		75CCCBB01A1E02A70005CB6B /* inc */ = {
			isa = PBXGroup;
			children = (
				75CCCBB11A1E02A70005CB6B /* BMapKit.h */,
				75CCCBB21A1E02A70005CB6B /* BMKActionPaopaoView.h */,
				75CCCBB31A1E02A70005CB6B /* BMKAnnotation.h */,
				75CCCBB41A1E02A70005CB6B /* BMKAnnotationView.h */,
				75CCCBB51A1E02A70005CB6B /* BMKArcline.h */,
				75CCCBB61A1E02A70005CB6B /* BMKArclineView.h */,
				75CCCBB71A1E02A70005CB6B /* BMKBaseComponent.h */,
				75CCCBB81A1E02A70005CB6B /* BMKBusLineSearch.h */,
				75CCCBB91A1E02A70005CB6B /* BMKBusLineSearchOption.h */,
				75CCCBBA1A1E02A70005CB6B /* BMKCircle.h */,
				75CCCBBB1A1E02A70005CB6B /* BMKCircleView.h */,
				75CCCBBC1A1E02A70005CB6B /* BMKCloudPOIList.h */,
				75CCCBBD1A1E02A70005CB6B /* BMKCloudSearch.h */,
				75CCCBBE1A1E02A70005CB6B /* BMKCloudSearchComponent.h */,
				75CCCBBF1A1E02A70005CB6B /* BMKCloudSearchInfo.h */,
				75CCCBC01A1E02A70005CB6B /* BMKGeneralDelegate.h */,
				75CCCBC11A1E02A70005CB6B /* BMKGeocodeSearch.h */,
				75CCCBC21A1E02A70005CB6B /* BMKGeocodeSearchOption.h */,
				75CCCBC31A1E02A70005CB6B /* BMKGeocodeType.h */,
				75CCCBC41A1E02A70005CB6B /* BMKGeometry.h */,
				75CCCBC51A1E02A70005CB6B /* BMKGroundOverlay.h */,
				75CCCBC61A1E02A70005CB6B /* BMKGroundOverlayView.h */,
				75CCCBC71A1E02A70005CB6B /* BMKLocationComponent.h */,
				75CCCBC81A1E02A70005CB6B /* BMKLocationService.h */,
				75CCCBC91A1E02A70005CB6B /* BMKLocationViewDisplayParam.h */,
				75CCCBCA1A1E02A70005CB6B /* BMKMapComponent.h */,
				75CCCBCB1A1E02A70005CB6B /* BMKMapManager.h */,
				75CCCBCC1A1E02A70005CB6B /* BMKMapStatus.h */,
				75CCCBCD1A1E02A70005CB6B /* BMKMapView.h */,
				75CCCBCE1A1E02A70005CB6B /* BMKMultiPoint.h */,
				75CCCBCF1A1E02A70005CB6B /* BMKNavigation.h */,
				75CCCBD01A1E02A70005CB6B /* BMKOfflineMap.h */,
				75CCCBD11A1E02A70005CB6B /* BMKOfflineMapType.h */,
				75CCCBD21A1E02A70005CB6B /* BMKOverlay.h */,
				75CCCBD31A1E02A70005CB6B /* BMKOverlayGLBasicView.h */,
				75CCCBD41A1E02A70005CB6B /* BMKOverlayPathView.h */,
				75CCCBD51A1E02A70005CB6B /* BMKOverlayView.h */,
				75CCCBD61A1E02A70005CB6B /* BMKPinAnnotationView.h */,
				75CCCBD71A1E02A70005CB6B /* BMKPointAnnotation.h */,
				75CCCBD81A1E02A70005CB6B /* BMKPoiSearch.h */,
				75CCCBD91A1E02A70005CB6B /* BMKPoiSearchOption.h */,
				75CCCBDA1A1E02A70005CB6B /* BMKPoiSearchType.h */,
				75CCCBDB1A1E02A70005CB6B /* BMKPolygon.h */,
				75CCCBDC1A1E02A70005CB6B /* BMKPolygonView.h */,
				75CCCBDD1A1E02A70005CB6B /* BMKPolyline.h */,
				75CCCBDE1A1E02A70005CB6B /* BMKPolylineView.h */,
				75CCCBDF1A1E02A70005CB6B /* BMKRouteSearch.h */,
				75CCCBE01A1E02A70005CB6B /* BMKRouteSearchOption.h */,
				75CCCBE11A1E02A70005CB6B /* BMKRouteSearchType.h */,
				75CCCBE21A1E02A70005CB6B /* BMKSearchComponent.h */,
				75CCCBE31A1E02A70005CB6B /* BMKShape.h */,
				75CCCBE41A1E02A70005CB6B /* BMKShareURLSearch.h */,
				75CCCBE51A1E02A70005CB6B /* BMKShareUrlSearchOption.h */,
				75CCCBE61A1E02A70005CB6B /* BMKSuggestionSearch.h */,
				75CCCBE71A1E02A70005CB6B /* BMKSuggestionSearchOption.h */,
				75CCCBE81A1E02A70005CB6B /* BMKTypes.h */,
				75CCCBE91A1E02A70005CB6B /* BMKUserLocation.h */,
				75CCCBEA1A1E02A70005CB6B /* BMKUtilsComponent.h */,
				75CCCBEB1A1E02A70005CB6B /* BMKVersion.h */,
			);
			path = inc;
			sourceTree = "<group>";
		};
		75E09FD91A382EC4007787DE /* HorizontalList */ = {
			isa = PBXGroup;
			children = (
				75E09FD21A382EB8007787DE /* ListItem.h */,
				75E09FD31A382EB8007787DE /* ListItem.m */,
				75E09FD41A382EB8007787DE /* POHorizontalList.h */,
				75E09FD51A382EB8007787DE /* POHorizontalList.m */,
				75E09FD61A382EB8007787DE /* POHorizontalListDelegate.h */,
			);
			name = HorizontalList;
			sourceTree = "<group>";
		};
/* End PBXGroup section */

/* Begin PBXNativeTarget section */
		75CCCB7E1A1E01CB0005CB6B /* IndoorIOS */ = {
			isa = PBXNativeTarget;
			buildConfigurationList = 75CCCBA21A1E01CC0005CB6B /* Build configuration list for PBXNativeTarget "IndoorIOS" */;
			buildPhases = (
				75CCCB7B1A1E01CB0005CB6B /* Sources */,
				75CCCB7C1A1E01CB0005CB6B /* Frameworks */,
				75CCCB7D1A1E01CB0005CB6B /* Resources */,
			);
			buildRules = (
			);
			dependencies = (
			);
			name = IndoorIOS;
			productName = IndoorIOS;
			productReference = 75CCCB7F1A1E01CB0005CB6B /* IndoorIOS.app */;
			productType = "com.apple.product-type.application";
		};
/* End PBXNativeTarget section */

/* Begin PBXProject section */
		75CCCB771A1E01CB0005CB6B /* Project object */ = {
			isa = PBXProject;
			attributes = {
				LastUpgradeCheck = 0610;
				ORGANIZATIONNAME = chinaairdome;
				TargetAttributes = {
					75CCCB7E1A1E01CB0005CB6B = {
						CreatedOnToolsVersion = 6.1;
						DevelopmentTeam = 528FHDJGXX;
					};
				};
			};
			buildConfigurationList = 75CCCB7A1A1E01CB0005CB6B /* Build configuration list for PBXProject "IndoorIOS" */;
			compatibilityVersion = "Xcode 3.2";
			developmentRegion = English;
			hasScannedForEncodings = 0;
			knownRegions = (
				en,
				Base,
			);
			mainGroup = 75CCCB761A1E01CB0005CB6B;
			productRefGroup = 75CCCB801A1E01CB0005CB6B /* Products */;
			projectDirPath = "";
			projectRoot = "";
			targets = (
				75CCCB7E1A1E01CB0005CB6B /* IndoorIOS */,
			);
		};
/* End PBXProject section */

/* Begin PBXResourcesBuildPhase section */
		75CCCB7D1A1E01CB0005CB6B /* Resources */ = {
			isa = PBXResourcesBuildPhase;
			buildActionMask = 2147483647;
			files = (
				75CCCB8E1A1E01CB0005CB6B /* Main.storyboard in Resources */,
				759C8AE51A221C1C00EB82D8 /* mapapi.bundle in Resources */,
				75CCCB931A1E01CB0005CB6B /* LaunchScreen.xib in Resources */,
				75CCCB901A1E01CB0005CB6B /* Images.xcassets in Resources */,
			);
			runOnlyForDeploymentPostprocessing = 0;
		};
/* End PBXResourcesBuildPhase section */

/* Begin PBXSourcesBuildPhase section */
		75CCCB7B1A1E01CB0005CB6B /* Sources */ = {
			isa = PBXSourcesBuildPhase;
			buildActionMask = 2147483647;
			files = (
				75FE304F1A29F0660079D4D4 /* ParseOperation.m in Sources */,
				757630F51A3C0EC6007E32E5 /* CADFlowLayout.m in Sources */,
				75E09FDC1A384A5A007787DE /* Utils.m in Sources */,
				75FE304D1A29CC300079D4D4 /* StadiumRecord.m in Sources */,
				757630EB1A39E72E007E32E5 /* ChooseViewController.m in Sources */,
				757630E81A393349007E32E5 /* ParseSportDayRule.m in Sources */,
				757630F11A3ADBA5007E32E5 /* Cell.m in Sources */,
				75E09FD81A382EB8007787DE /* POHorizontalList.m in Sources */,
				75E09FD71A382EB8007787DE /* ListItem.m in Sources */,
				75CCCB8B1A1E01CB0005CB6B /* ViewController.m in Sources */,
				75668D091A34004B009F5A30 /* IconDownloader.m in Sources */,
				757630E51A392E54007E32E5 /* SportDayRule.m in Sources */,
				75CCCB881A1E01CB0005CB6B /* AppDelegate.mm in Sources */,
				757630F21A3ADBA5007E32E5 /* CustomCellBackground.m in Sources */,
				75CCCB851A1E01CB0005CB6B /* main.m in Sources */,
				75668CFD1A315E0B009F5A30 /* StadiumManager.m in Sources */,
				75668D001A32D17D009F5A30 /* DetailViewController.m in Sources */,
			);
			runOnlyForDeploymentPostprocessing = 0;
		};
/* End PBXSourcesBuildPhase section */

/* Begin PBXVariantGroup section */
		75CCCB8C1A1E01CB0005CB6B /* Main.storyboard */ = {
			isa = PBXVariantGroup;
			children = (
				75CCCB8D1A1E01CB0005CB6B /* Base */,
			);
			name = Main.storyboard;
			sourceTree = "<group>";
		};
		75CCCB911A1E01CB0005CB6B /* LaunchScreen.xib */ = {
			isa = PBXVariantGroup;
			children = (
				75CCCB921A1E01CB0005CB6B /* Base */,
			);
			name = LaunchScreen.xib;
			sourceTree = "<group>";
		};
/* End PBXVariantGroup section */

/* Begin XCBuildConfiguration section */
		75CCCBA01A1E01CC0005CB6B /* Debug */ = {
			isa = XCBuildConfiguration;
			buildSettings = {
				ALWAYS_SEARCH_USER_PATHS = NO;
				CLANG_CXX_LANGUAGE_STANDARD = "gnu++0x";
				CLANG_CXX_LIBRARY = "libc++";
				CLANG_ENABLE_MODULES = YES;
				CLANG_ENABLE_OBJC_ARC = YES;
				CLANG_WARN_BOOL_CONVERSION = YES;
				CLANG_WARN_CONSTANT_CONVERSION = YES;
				CLANG_WARN_DIRECT_OBJC_ISA_USAGE = YES_ERROR;
				CLANG_WARN_EMPTY_BODY = YES;
				CLANG_WARN_ENUM_CONVERSION = YES;
				CLANG_WARN_INT_CONVERSION = YES;
				CLANG_WARN_OBJC_ROOT_CLASS = YES_ERROR;
				CLANG_WARN_UNREACHABLE_CODE = YES;
				CLANG_WARN__DUPLICATE_METHOD_MATCH = YES;
				"CODE_SIGN_IDENTITY[sdk=iphoneos*]" = "iPhone Developer";
				COPY_PHASE_STRIP = NO;
				ENABLE_STRICT_OBJC_MSGSEND = YES;
				GCC_C_LANGUAGE_STANDARD = gnu99;
				GCC_DYNAMIC_NO_PIC = NO;
				GCC_OPTIMIZATION_LEVEL = 0;
				GCC_PREPROCESSOR_DEFINITIONS = (
					"DEBUG=1",
					"$(inherited)",
				);
				GCC_SYMBOLS_PRIVATE_EXTERN = NO;
				GCC_WARN_64_TO_32_BIT_CONVERSION = YES;
				GCC_WARN_ABOUT_RETURN_TYPE = YES_ERROR;
				GCC_WARN_UNDECLARED_SELECTOR = YES;
				GCC_WARN_UNINITIALIZED_AUTOS = YES_AGGRESSIVE;
				GCC_WARN_UNUSED_FUNCTION = YES;
				GCC_WARN_UNUSED_VARIABLE = YES;
				IPHONEOS_DEPLOYMENT_TARGET = 8.1;
				MTL_ENABLE_DEBUG_INFO = YES;
				ONLY_ACTIVE_ARCH = YES;
				OTHER_LDFLAGS = "-all_load";
				SDKROOT = iphoneos;
				VALID_ARCHS = "arm64 armv7 armv7s";
			};
			name = Debug;
		};
		75CCCBA11A1E01CC0005CB6B /* Release */ = {
			isa = XCBuildConfiguration;
			buildSettings = {
				ALWAYS_SEARCH_USER_PATHS = NO;
				CLANG_CXX_LANGUAGE_STANDARD = "gnu++0x";
				CLANG_CXX_LIBRARY = "libc++";
				CLANG_ENABLE_MODULES = YES;
				CLANG_ENABLE_OBJC_ARC = YES;
				CLANG_WARN_BOOL_CONVERSION = YES;
				CLANG_WARN_CONSTANT_CONVERSION = YES;
				CLANG_WARN_DIRECT_OBJC_ISA_USAGE = YES_ERROR;
				CLANG_WARN_EMPTY_BODY = YES;
				CLANG_WARN_ENUM_CONVERSION = YES;
				CLANG_WARN_INT_CONVERSION = YES;
				CLANG_WARN_OBJC_ROOT_CLASS = YES_ERROR;
				CLANG_WARN_UNREACHABLE_CODE = YES;
				CLANG_WARN__DUPLICATE_METHOD_MATCH = YES;
				"CODE_SIGN_IDENTITY[sdk=iphoneos*]" = "iPhone Developer";
				COPY_PHASE_STRIP = YES;
				ENABLE_NS_ASSERTIONS = NO;
				ENABLE_STRICT_OBJC_MSGSEND = YES;
				GCC_C_LANGUAGE_STANDARD = gnu99;
				GCC_WARN_64_TO_32_BIT_CONVERSION = YES;
				GCC_WARN_ABOUT_RETURN_TYPE = YES_ERROR;
				GCC_WARN_UNDECLARED_SELECTOR = YES;
				GCC_WARN_UNINITIALIZED_AUTOS = YES_AGGRESSIVE;
				GCC_WARN_UNUSED_FUNCTION = YES;
				GCC_WARN_UNUSED_VARIABLE = YES;
				IPHONEOS_DEPLOYMENT_TARGET = 8.1;
				MTL_ENABLE_DEBUG_INFO = NO;
				OTHER_LDFLAGS = "-all_load";
				SDKROOT = iphoneos;
				VALIDATE_PRODUCT = YES;
				VALID_ARCHS = "arm64 armv7 armv7s";
			};
			name = Release;
		};
		75CCCBA31A1E01CC0005CB6B /* Debug */ = {
			isa = XCBuildConfiguration;
			buildSettings = {
				ASSETCATALOG_COMPILER_APPICON_NAME = AppIcon;
				CLANG_CXX_LIBRARY = "libstdc++";
				CODE_SIGN_IDENTITY = "iPhone Developer";
				"CODE_SIGN_IDENTITY[sdk=iphoneos*]" = "iPhone Developer";
				GCC_PRECOMPILE_PREFIX_HEADER = NO;
				HEADER_SEARCH_PATHS = (
					"\"$(SRCROOT)/inc\"",
					"$(inherited)",
					/Applications/Xcode.app/Contents/Developer/Toolchains/XcodeDefault.xctoolchain/usr/include,
				);
				INFOPLIST_FILE = IndoorIOS/Info.plist;
				IPHONEOS_DEPLOYMENT_TARGET = 6.0;
				LD_RUNPATH_SEARCH_PATHS = "$(inherited) @executable_path/Frameworks";
				LIBRARY_SEARCH_PATHS = "$(PROJECT_DIR)/libs";
				ONLY_ACTIVE_ARCH = NO;
				OTHER_LDFLAGS = "

";
				PRODUCT_NAME = "$(TARGET_NAME)";
				PROVISIONING_PROFILE = "";
				TARGETED_DEVICE_FAMILY = 1;
				VALID_ARCHS = "armv7 armv7s";
			};
			name = Debug;
		};
		75CCCBA41A1E01CC0005CB6B /* Release */ = {
			isa = XCBuildConfiguration;
			buildSettings = {
				ASSETCATALOG_COMPILER_APPICON_NAME = AppIcon;
				CLANG_CXX_LIBRARY = "libstdc++";
				CODE_SIGN_IDENTITY = "iPhone Developer";
				"CODE_SIGN_IDENTITY[sdk=iphoneos*]" = "iPhone Developer";
				GCC_PRECOMPILE_PREFIX_HEADER = NO;
				HEADER_SEARCH_PATHS = (
					"\"$(SRCROOT)/inc\"",
					"$(inherited)",
					/Applications/Xcode.app/Contents/Developer/Toolchains/XcodeDefault.xctoolchain/usr/include,
				);
				INFOPLIST_FILE = IndoorIOS/Info.plist;
				IPHONEOS_DEPLOYMENT_TARGET = 6.0;
				LD_RUNPATH_SEARCH_PATHS = "$(inherited) @executable_path/Frameworks";
				LIBRARY_SEARCH_PATHS = "$(PROJECT_DIR)/libs";
				ONLY_ACTIVE_ARCH = NO;
				OTHER_LDFLAGS = "

";
				PRODUCT_NAME = "$(TARGET_NAME)";
				PROVISIONING_PROFILE = "";
				TARGETED_DEVICE_FAMILY = 1;
				VALID_ARCHS = "armv7 armv7s";
			};
			name = Release;
		};
/* End XCBuildConfiguration section */

/* Begin XCConfigurationList section */
		75CCCB7A1A1E01CB0005CB6B /* Build configuration list for PBXProject "IndoorIOS" */ = {
			isa = XCConfigurationList;
			buildConfigurations = (
				75CCCBA01A1E01CC0005CB6B /* Debug */,
				75CCCBA11A1E01CC0005CB6B /* Release */,
			);
			defaultConfigurationIsVisible = 0;
			defaultConfigurationName = Release;
		};
		75CCCBA21A1E01CC0005CB6B /* Build configuration list for PBXNativeTarget "IndoorIOS" */ = {
			isa = XCConfigurationList;
			buildConfigurations = (
				75CCCBA31A1E01CC0005CB6B /* Debug */,
				75CCCBA41A1E01CC0005CB6B /* Release */,
			);
			defaultConfigurationIsVisible = 0;
			defaultConfigurationName = Release;
		};
/* End XCConfigurationList section */
	};
	rootObject = 75CCCB771A1E01CB0005CB6B /* Project object */;
}
