// !$*UTF8*$!
{
	archiveVersion = 1;
	classes = {
	};
	objectVersion = 46;
	objects = {

/* Begin PBXBuildFile section */
		75CCCB851A1E01CB0005CB6B /* main.m in Sources */ = {isa = PBXBuildFile; fileRef = 75CCCB841A1E01CB0005CB6B /* main.m */; };
		75CCCB881A1E01CB0005CB6B /* AppDelegate.m in Sources */ = {isa = PBXBuildFile; fileRef = 75CCCB871A1E01CB0005CB6B /* AppDelegate.m */; };
		75CCCB8B1A1E01CB0005CB6B /* ViewController.m in Sources */ = {isa = PBXBuildFile; fileRef = 75CCCB8A1A1E01CB0005CB6B /* ViewController.m */; };
		75CCCB8E1A1E01CB0005CB6B /* Main.storyboard in Resources */ = {isa = PBXBuildFile; fileRef = 75CCCB8C1A1E01CB0005CB6B /* Main.storyboard */; };
		75CCCB901A1E01CB0005CB6B /* Images.xcassets in Resources */ = {isa = PBXBuildFile; fileRef = 75CCCB8F1A1E01CB0005CB6B /* Images.xcassets */; };
		75CCCB931A1E01CB0005CB6B /* LaunchScreen.xib in Resources */ = {isa = PBXBuildFile; fileRef = 75CCCB911A1E01CB0005CB6B /* LaunchScreen.xib */; };
		75CCCB9F1A1E01CC0005CB6B /* IndoorIOSTests.m in Sources */ = {isa = PBXBuildFile; fileRef = 75CCCB9E1A1E01CC0005CB6B /* IndoorIOSTests.m */; };
/* End PBXBuildFile section */

/* Begin PBXContainerItemProxy section */
		75CCCB991A1E01CC0005CB6B /* PBXContainerItemProxy */ = {
			isa = PBXContainerItemProxy;
			containerPortal = 75CCCB771A1E01CB0005CB6B /* Project object */;
			proxyType = 1;
			remoteGlobalIDString = 75CCCB7E1A1E01CB0005CB6B;
			remoteInfo = IndoorIOS;
		};
/* End PBXContainerItemProxy section */

/* Begin PBXFileReference section */
		75CCCB7F1A1E01CB0005CB6B /* IndoorIOS.app */ = {isa = PBXFileReference; explicitFileType = wrapper.application; includeInIndex = 0; path = IndoorIOS.app; sourceTree = BUILT_PRODUCTS_DIR; };
		75CCCB831A1E01CB0005CB6B /* Info.plist */ = {isa = PBXFileReference; lastKnownFileType = text.plist.xml; path = Info.plist; sourceTree = "<group>"; };
		75CCCB841A1E01CB0005CB6B /* main.m */ = {isa = PBXFileReference; lastKnownFileType = sourcecode.c.objc; path = main.m; sourceTree = "<group>"; };
		75CCCB861A1E01CB0005CB6B /* AppDelegate.h */ = {isa = PBXFileReference; lastKnownFileType = sourcecode.c.h; path = AppDelegate.h; sourceTree = "<group>"; };
		75CCCB871A1E01CB0005CB6B /* AppDelegate.m */ = {isa = PBXFileReference; lastKnownFileType = sourcecode.c.objc; path = AppDelegate.m; sourceTree = "<group>"; };
		75CCCB891A1E01CB0005CB6B /* ViewController.h */ = {isa = PBXFileReference; lastKnownFileType = sourcecode.c.h; path = ViewController.h; sourceTree = "<group>"; };
		75CCCB8A1A1E01CB0005CB6B /* ViewController.m */ = {isa = PBXFileReference; lastKnownFileType = sourcecode.c.objc; path = ViewController.m; sourceTree = "<group>"; };
		75CCCB8D1A1E01CB0005CB6B /* Base */ = {isa = PBXFileReference; lastKnownFileType = file.storyboard; name = Base; path = Base.lproj/Main.storyboard; sourceTree = "<group>"; };
		75CCCB8F1A1E01CB0005CB6B /* Images.xcassets */ = {isa = PBXFileReference; lastKnownFileType = folder.assetcatalog; path = Images.xcassets; sourceTree = "<group>"; };
		75CCCB921A1E01CB0005CB6B /* Base */ = {isa = PBXFileReference; lastKnownFileType = file.xib; name = Base; path = Base.lproj/LaunchScreen.xib; sourceTree = "<group>"; };
		75CCCB981A1E01CC0005CB6B /* IndoorIOSTests.xctest */ = {isa = PBXFileReference; explicitFileType = wrapper.cfbundle; includeInIndex = 0; path = IndoorIOSTests.xctest; sourceTree = BUILT_PRODUCTS_DIR; };
		75CCCB9D1A1E01CC0005CB6B /* Info.plist */ = {isa = PBXFileReference; lastKnownFileType = text.plist.xml; path = Info.plist; sourceTree = "<group>"; };
		75CCCB9E1A1E01CC0005CB6B /* IndoorIOSTests.m */ = {isa = PBXFileReference; lastKnownFileType = sourcecode.c.objc; path = IndoorIOSTests.m; sourceTree = "<group>"; };
/* End PBXFileReference section */

/* Begin PBXFrameworksBuildPhase section */
		75CCCB7C1A1E01CB0005CB6B /* Frameworks */ = {
			isa = PBXFrameworksBuildPhase;
			buildActionMask = 2147483647;
			files = (
			);
			runOnlyForDeploymentPostprocessing = 0;
		};
		75CCCB951A1E01CC0005CB6B /* Frameworks */ = {
			isa = PBXFrameworksBuildPhase;
			buildActionMask = 2147483647;
			files = (
			);
			runOnlyForDeploymentPostprocessing = 0;
		};
/* End PBXFrameworksBuildPhase section */

/* Begin PBXGroup section */
		75CCCB761A1E01CB0005CB6B = {
			isa = PBXGroup;
			children = (
				75CCCB811A1E01CB0005CB6B /* IndoorIOS */,
				75CCCB9B1A1E01CC0005CB6B /* IndoorIOSTests */,
				75CCCB801A1E01CB0005CB6B /* Products */,
			);
			sourceTree = "<group>";
		};
		75CCCB801A1E01CB0005CB6B /* Products */ = {
			isa = PBXGroup;
			children = (
				75CCCB7F1A1E01CB0005CB6B /* IndoorIOS.app */,
				75CCCB981A1E01CC0005CB6B /* IndoorIOSTests.xctest */,
			);
			name = Products;
			sourceTree = "<group>";
		};
		75CCCB811A1E01CB0005CB6B /* IndoorIOS */ = {
			isa = PBXGroup;
			children = (
				75CCCB861A1E01CB0005CB6B /* AppDelegate.h */,
				75CCCB871A1E01CB0005CB6B /* AppDelegate.m */,
				75CCCB891A1E01CB0005CB6B /* ViewController.h */,
				75CCCB8A1A1E01CB0005CB6B /* ViewController.m */,
				75CCCB8C1A1E01CB0005CB6B /* Main.storyboard */,
				75CCCB8F1A1E01CB0005CB6B /* Images.xcassets */,
				75CCCB911A1E01CB0005CB6B /* LaunchScreen.xib */,
				75CCCB821A1E01CB0005CB6B /* Supporting Files */,
			);
			path = IndoorIOS;
			sourceTree = "<group>";
		};
		75CCCB821A1E01CB0005CB6B /* Supporting Files */ = {
			isa = PBXGroup;
			children = (
				75CCCB831A1E01CB0005CB6B /* Info.plist */,
				75CCCB841A1E01CB0005CB6B /* main.m */,
			);
			name = "Supporting Files";
			sourceTree = "<group>";
		};
		75CCCB9B1A1E01CC0005CB6B /* IndoorIOSTests */ = {
			isa = PBXGroup;
			children = (
				75CCCB9E1A1E01CC0005CB6B /* IndoorIOSTests.m */,
				75CCCB9C1A1E01CC0005CB6B /* Supporting Files */,
			);
			path = IndoorIOSTests;
			sourceTree = "<group>";
		};
		75CCCB9C1A1E01CC0005CB6B /* Supporting Files */ = {
			isa = PBXGroup;
			children = (
				75CCCB9D1A1E01CC0005CB6B /* Info.plist */,
			);
			name = "Supporting Files";
			sourceTree = "<group>";
		};
/* End PBXGroup section */

/* Begin PBXNativeTarget section */
		75CCCB7E1A1E01CB0005CB6B /* IndoorIOS */ = {
			isa = PBXNativeTarget;
			buildConfigurationList = 75CCCBA21A1E01CC0005CB6B /* Build configuration list for PBXNativeTarget "IndoorIOS" */;
			buildPhases = (
				75CCCB7B1A1E01CB0005CB6B /* Sources */,
				75CCCB7C1A1E01CB0005CB6B /* Frameworks */,
				75CCCB7D1A1E01CB0005CB6B /* Resources */,
			);
			buildRules = (
			);
			dependencies = (
			);
			name = IndoorIOS;
			productName = IndoorIOS;
			productReference = 75CCCB7F1A1E01CB0005CB6B /* IndoorIOS.app */;
			productType = "com.apple.product-type.application";
		};
		75CCCB971A1E01CC0005CB6B /* IndoorIOSTests */ = {
			isa = PBXNativeTarget;
			buildConfigurationList = 75CCCBA51A1E01CC0005CB6B /* Build configuration list for PBXNativeTarget "IndoorIOSTests" */;
			buildPhases = (
				75CCCB941A1E01CC0005CB6B /* Sources */,
				75CCCB951A1E01CC0005CB6B /* Frameworks */,
				75CCCB961A1E01CC0005CB6B /* Resources */,
			);
			buildRules = (
			);
			dependencies = (
				75CCCB9A1A1E01CC0005CB6B /* PBXTargetDependency */,
			);
			name = IndoorIOSTests;
			productName = IndoorIOSTests;
			productReference = 75CCCB981A1E01CC0005CB6B /* IndoorIOSTests.xctest */;
			productType = "com.apple.product-type.bundle.unit-test";
		};
/* End PBXNativeTarget section */

/* Begin PBXProject section */
		75CCCB771A1E01CB0005CB6B /* Project object */ = {
			isa = PBXProject;
			attributes = {
				LastUpgradeCheck = 0610;
				ORGANIZATIONNAME = chinaairdome;
				TargetAttributes = {
					75CCCB7E1A1E01CB0005CB6B = {
						CreatedOnToolsVersion = 6.1;
					};
					75CCCB971A1E01CC0005CB6B = {
						CreatedOnToolsVersion = 6.1;
						TestTargetID = 75CCCB7E1A1E01CB0005CB6B;
					};
				};
			};
			buildConfigurationList = 75CCCB7A1A1E01CB0005CB6B /* Build configuration list for PBXProject "IndoorIOS" */;
			compatibilityVersion = "Xcode 3.2";
			developmentRegion = English;
			hasScannedForEncodings = 0;
			knownRegions = (
				en,
				Base,
			);
			mainGroup = 75CCCB761A1E01CB0005CB6B;
			productRefGroup = 75CCCB801A1E01CB0005CB6B /* Products */;
			projectDirPath = "";
			projectRoot = "";
			targets = (
				75CCCB7E1A1E01CB0005CB6B /* IndoorIOS */,
				75CCCB971A1E01CC0005CB6B /* IndoorIOSTests */,
			);
		};
/* End PBXProject section */

/* Begin PBXResourcesBuildPhase section */
		75CCCB7D1A1E01CB0005CB6B /* Resources */ = {
			isa = PBXResourcesBuildPhase;
			buildActionMask = 2147483647;
			files = (
				75CCCB8E1A1E01CB0005CB6B /* Main.storyboard in Resources */,
				75CCCB931A1E01CB0005CB6B /* LaunchScreen.xib in Resources */,
				75CCCB901A1E01CB0005CB6B /* Images.xcassets in Resources */,
			);
			runOnlyForDeploymentPostprocessing = 0;
		};
		75CCCB961A1E01CC0005CB6B /* Resources */ = {
			isa = PBXResourcesBuildPhase;
			buildActionMask = 2147483647;
			files = (
			);
			runOnlyForDeploymentPostprocessing = 0;
		};
/* End PBXResourcesBuildPhase section */

/* Begin PBXSourcesBuildPhase section */
		75CCCB7B1A1E01CB0005CB6B /* Sources */ = {
			isa = PBXSourcesBuildPhase;
			buildActionMask = 2147483647;
			files = (
				75CCCB8B1A1E01CB0005CB6B /* ViewController.m in Sources */,
				75CCCB881A1E01CB0005CB6B /* AppDelegate.m in Sources */,
				75CCCB851A1E01CB0005CB6B /* main.m in Sources */,
			);
			runOnlyForDeploymentPostprocessing = 0;
		};
		75CCCB941A1E01CC0005CB6B /* Sources */ = {
			isa = PBXSourcesBuildPhase;
			buildActionMask = 2147483647;
			files = (
				75CCCB9F1A1E01CC0005CB6B /* IndoorIOSTests.m in Sources */,
			);
			runOnlyForDeploymentPostprocessing = 0;
		};
/* End PBXSourcesBuildPhase section */

/* Begin PBXTargetDependency section */
		75CCCB9A1A1E01CC0005CB6B /* PBXTargetDependency */ = {
			isa = PBXTargetDependency;
			target = 75CCCB7E1A1E01CB0005CB6B /* IndoorIOS */;
			targetProxy = 75CCCB991A1E01CC0005CB6B /* PBXContainerItemProxy */;
		};
/* End PBXTargetDependency section */

/* Begin PBXVariantGroup section */
		75CCCB8C1A1E01CB0005CB6B /* Main.storyboard */ = {
			isa = PBXVariantGroup;
			children = (
				75CCCB8D1A1E01CB0005CB6B /* Base */,
			);
			name = Main.storyboard;
			sourceTree = "<group>";
		};
		75CCCB911A1E01CB0005CB6B /* LaunchScreen.xib */ = {
			isa = PBXVariantGroup;
			children = (
				75CCCB921A1E01CB0005CB6B /* Base */,
			);
			name = LaunchScreen.xib;
			sourceTree = "<group>";
		};
/* End PBXVariantGroup section */

/* Begin XCBuildConfiguration section */
		75CCCBA01A1E01CC0005CB6B /* Debug */ = {
			isa = XCBuildConfiguration;
			buildSettings = {
				ALWAYS_SEARCH_USER_PATHS = NO;
				CLANG_CXX_LANGUAGE_STANDARD = "gnu++0x";
				CLANG_CXX_LIBRARY = "libc++";
				CLANG_ENABLE_MODULES = YES;
				CLANG_ENABLE_OBJC_ARC = YES;
				CLANG_WARN_BOOL_CONVERSION = YES;
				CLANG_WARN_CONSTANT_CONVERSION = YES;
				CLANG_WARN_DIRECT_OBJC_ISA_USAGE = YES_ERROR;
				CLANG_WARN_EMPTY_BODY = YES;
				CLANG_WARN_ENUM_CONVERSION = YES;
				CLANG_WARN_INT_CONVERSION = YES;
				CLANG_WARN_OBJC_ROOT_CLASS = YES_ERROR;
				CLANG_WARN_UNREACHABLE_CODE = YES;
				CLANG_WARN__DUPLICATE_METHOD_MATCH = YES;
				"CODE_SIGN_IDENTITY[sdk=iphoneos*]" = "iPhone Developer";
				COPY_PHASE_STRIP = NO;
				ENABLE_STRICT_OBJC_MSGSEND = YES;
				GCC_C_LANGUAGE_STANDARD = gnu99;
				GCC_DYNAMIC_NO_PIC = NO;
				GCC_OPTIMIZATION_LEVEL = 0;
				GCC_PREPROCESSOR_DEFINITIONS = (
					"DEBUG=1",
					"$(inherited)",
				);
				GCC_SYMBOLS_PRIVATE_EXTERN = NO;
				GCC_WARN_64_TO_32_BIT_CONVERSION = YES;
				GCC_WARN_ABOUT_RETURN_TYPE = YES_ERROR;
				GCC_WARN_UNDECLARED_SELECTOR = YES;
				GCC_WARN_UNINITIALIZED_AUTOS = YES_AGGRESSIVE;
				GCC_WARN_UNUSED_FUNCTION = YES;
				GCC_WARN_UNUSED_VARIABLE = YES;
				IPHONEOS_DEPLOYMENT_TARGET = 8.1;
				MTL_ENABLE_DEBUG_INFO = YES;
				ONLY_ACTIVE_ARCH = YES;
				SDKROOT = iphoneos;
			};
			name = Debug;
		};
		75CCCBA11A1E01CC0005CB6B /* Release */ = {
			isa = XCBuildConfiguration;
			buildSettings = {
				ALWAYS_SEARCH_USER_PATHS = NO;
				CLANG_CXX_LANGUAGE_STANDARD = "gnu++0x";
				CLANG_CXX_LIBRARY = "libc++";
				CLANG_ENABLE_MODULES = YES;
				CLANG_ENABLE_OBJC_ARC = YES;
				CLANG_WARN_BOOL_CONVERSION = YES;
				CLANG_WARN_CONSTANT_CONVERSION = YES;
				CLANG_WARN_DIRECT_OBJC_ISA_USAGE = YES_ERROR;
				CLANG_WARN_EMPTY_BODY = YES;
				CLANG_WARN_ENUM_CONVERSION = YES;
				CLANG_WARN_INT_CONVERSION = YES;
				CLANG_WARN_OBJC_ROOT_CLASS = YES_ERROR;
				CLANG_WARN_UNREACHABLE_CODE = YES;
				CLANG_WARN__DUPLICATE_METHOD_MATCH = YES;
				"CODE_SIGN_IDENTITY[sdk=iphoneos*]" = "iPhone Developer";
				COPY_PHASE_STRIP = YES;
				ENABLE_NS_ASSERTIONS = NO;
				ENABLE_STRICT_OBJC_MSGSEND = YES;
				GCC_C_LANGUAGE_STANDARD = gnu99;
				GCC_WARN_64_TO_32_BIT_CONVERSION = YES;
				GCC_WARN_ABOUT_RETURN_TYPE = YES_ERROR;
				GCC_WARN_UNDECLARED_SELECTOR = YES;
				GCC_WARN_UNINITIALIZED_AUTOS = YES_AGGRESSIVE;
				GCC_WARN_UNUSED_FUNCTION = YES;
				GCC_WARN_UNUSED_VARIABLE = YES;
				IPHONEOS_DEPLOYMENT_TARGET = 8.1;
				MTL_ENABLE_DEBUG_INFO = NO;
				SDKROOT = iphoneos;
				VALIDATE_PRODUCT = YES;
			};
			name = Release;
		};
		75CCCBA31A1E01CC0005CB6B /* Debug */ = {
			isa = XCBuildConfiguration;
			buildSettings = {
				ASSETCATALOG_COMPILER_APPICON_NAME = AppIcon;
				INFOPLIST_FILE = IndoorIOS/Info.plist;
				LD_RUNPATH_SEARCH_PATHS = "$(inherited) @executable_path/Frameworks";
				PRODUCT_NAME = "$(TARGET_NAME)";
			};
			name = Debug;
		};
		75CCCBA41A1E01CC0005CB6B /* Release */ = {
			isa = XCBuildConfiguration;
			buildSettings = {
				ASSETCATALOG_COMPILER_APPICON_NAME = AppIcon;
				INFOPLIST_FILE = IndoorIOS/Info.plist;
				LD_RUNPATH_SEARCH_PATHS = "$(inherited) @executable_path/Frameworks";
				PRODUCT_NAME = "$(TARGET_NAME)";
			};
			name = Release;
		};
		75CCCBA61A1E01CC0005CB6B /* Debug */ = {
			isa = XCBuildConfiguration;
			buildSettings = {
				BUNDLE_LOADER = "$(TEST_HOST)";
				FRAMEWORK_SEARCH_PATHS = (
					"$(SDKROOT)/Developer/Library/Frameworks",
					"$(inherited)",
				);
				GCC_PREPROCESSOR_DEFINITIONS = (
					"DEBUG=1",
					"$(inherited)",
				);
				INFOPLIST_FILE = IndoorIOSTests/Info.plist;
				LD_RUNPATH_SEARCH_PATHS = "$(inherited) @executable_path/Frameworks @loader_path/Frameworks";
				PRODUCT_NAME = "$(TARGET_NAME)";
				TEST_HOST = "$(BUILT_PRODUCTS_DIR)/IndoorIOS.app/IndoorIOS";
			};
			name = Debug;
		};
		75CCCBA71A1E01CC0005CB6B /* Release */ = {
			isa = XCBuildConfiguration;
			buildSettings = {
				BUNDLE_LOADER = "$(TEST_HOST)";
				FRAMEWORK_SEARCH_PATHS = (
					"$(SDKROOT)/Developer/Library/Frameworks",
					"$(inherited)",
				);
				INFOPLIST_FILE = IndoorIOSTests/Info.plist;
				LD_RUNPATH_SEARCH_PATHS = "$(inherited) @executable_path/Frameworks @loader_path/Frameworks";
				PRODUCT_NAME = "$(TARGET_NAME)";
				TEST_HOST = "$(BUILT_PRODUCTS_DIR)/IndoorIOS.app/IndoorIOS";
			};
			name = Release;
		};
/* End XCBuildConfiguration section */

/* Begin XCConfigurationList section */
		75CCCB7A1A1E01CB0005CB6B /* Build configuration list for PBXProject "IndoorIOS" */ = {
			isa = XCConfigurationList;
			buildConfigurations = (
				75CCCBA01A1E01CC0005CB6B /* Debug */,
				75CCCBA11A1E01CC0005CB6B /* Release */,
			);
			defaultConfigurationIsVisible = 0;
			defaultConfigurationName = Release;
		};
		75CCCBA21A1E01CC0005CB6B /* Build configuration list for PBXNativeTarget "IndoorIOS" */ = {
			isa = XCConfigurationList;
			buildConfigurations = (
				75CCCBA31A1E01CC0005CB6B /* Debug */,
				75CCCBA41A1E01CC0005CB6B /* Release */,
			);
			defaultConfigurationIsVisible = 0;
		};
		75CCCBA51A1E01CC0005CB6B /* Build configuration list for PBXNativeTarget "IndoorIOSTests" */ = {
			isa = XCConfigurationList;
			buildConfigurations = (
				75CCCBA61A1E01CC0005CB6B /* Debug */,
				75CCCBA71A1E01CC0005CB6B /* Release */,
			);
			defaultConfigurationIsVisible = 0;
		};
/* End XCConfigurationList section */
	};
	rootObject = 75CCCB771A1E01CB0005CB6B /* Project object */;
}
